
Microsoft Visual Studio Solution File, Format Version 12.00
# Visual Studio Version 17
VisualStudioVersion = 17.9.34728.123
MinimumVisualStudioVersion = 10.0.40219.1
Project("{FAE04EC0-301F-11D3-BF4B-00C04F79EFBC}") = "SO2M", "SO2M.csproj", "{62D72F5A-61B5-4A57-AF3E-EDC5BFF5711E}"
EndProject
Global
	GlobalSection(SolutionConfigurationPlatforms) = preSolution
		Debug|Any CPU = Debug|Any CPU
		Release|Any CPU = Release|Any CPU
	EndGlobalSection
	GlobalSection(ProjectConfigurationPlatforms) = postSolution
		{62D72F5A-61B5-4A57-AF3E-EDC5BFF5711E}.Debug|Any CPU.ActiveCfg = Debug|Any CPU
		{62D72F5A-61B5-4A57-AF3E-EDC5BFF5711E}.Debug|Any CPU.Build.0 = Debug|Any CPU
		{62D72F5A-61B5-4A57-AF3E-EDC5BFF5711E}.Release|Any CPU.ActiveCfg = Release|Any CPU
		{62D72F5A-61B5-4A57-AF3E-EDC5BFF5711E}.Release|Any CPU.Build.0 = Release|Any CPU
	EndGlobalSection
	GlobalSection(SolutionProperties) = preSolution
		HideSolutionNode = FALSE
	EndGlobalSection
	GlobalSection(ExtensibilityGlobals) = postSolution
		SolutionGuid = {8452167F-2060-49A0-9F33-E0C8D0640D4A}
	EndGlobalSection
EndGlobal
